{
  "version": "5",
  "remote": {
    "https://edge.netlify.com/": "fd941d61d88673d5f28aab283fb86fcc50f08a3bc80ee5470498fcfa88c65cfb",
    "https://edge.netlify.com/bootstrap/config.ts": "6a2ce0e544e15e8f8883a5c18da5948e37fd0f2619f68cb31f3af53c51817025",
    "https://edge.netlify.com/bootstrap/context.ts": "e97240232121e2f369f6546ce961490f34d961ea1ea54be3ff09633e3f08373f",
    "https://edge.netlify.com/bootstrap/cookie.ts": "8b0baae708989ca183c6f3b4ab3d029e6abcbc2e43f93edeb0ff447b3bbc3a05",
    "https://edge.netlify.com/bootstrap/edge_function.ts": "b8253e86aa83c67341f5cfedeba5049d77fbf84dcab7eceff7566b7728ae9b39",
    "https://edge.netlify.com/bootstrap/globals/types.ts": "eaa6148ded3121d8dee62dd91c86e7fe76601df0f3ca8d7962243a30f4c8935f"
  },
  "workspace": {
    "packageJson": {
      "dependencies": [
        "npm:@chakra-ui/icons@^2.2.4",
        "npm:@chakra-ui/react@^3.20.0",
        "npm:@emotion/react@^11.14.0",
        "npm:@gsap/react@^2.1.2",
        "npm:@modelcontextprotocol/sdk@^1.30.0",
        "npm:@paper-design/shaders-react@^0.0.46",
        "npm:@react-spring/web@^10.1.2",
        "npm:@react-three/drei@^10.7.7",
        "npm:@react-three/fiber@^9.6.1",
        "npm:@react-three/postprocessing@^3.0.4",
        "npm:@react-three/rapier@^2.1.0",
        "npm:@use-gesture/react@^10.2.27",
        "npm:class-variance-authority@~0.7.1",
        "npm:clsx@^2.1.1",
        "npm:d3-shape@^3.2.0",
        "npm:face-api.js@~0.22.2",
        "npm:geist@^1.7.2",
        "npm:gl-matrix@^3.4.3",
        "npm:gsap@^3.13.0",
        "npm:lenis@^1.3.26",
        "npm:lucide-react@0.542",
        "npm:maath@~0.10.8",
        "npm:mathjs@^15.2.0",
        "npm:matter-js@0.20",
        "npm:meshline@^3.3.1",
        "npm:motion@^12.23.12",
        "npm:next-themes@~0.4.6",
        "npm:nuqs@^2.9.5",
        "npm:ogl@^1.0.11",
        "npm:playwright@^1.62.1",
        "npm:postprocessing@^6.39.4",
        "npm:react-confetti@^6.4.0",
        "npm:react-dom@19",
        "npm:react-haiku@^2.4.1",
        "npm:react-icons@5.5.0",
        "npm:react-router-dom@^6.30.1",
        "npm:react-syntax-highlighter@^16.1.1",
        "npm:react-virtualized@^9.22.6",
        "npm:react@19",
        "npm:resize-observer-polyfill@^1.5.1",
        "npm:shiki@^4.4.3",
        "npm:sonner@^2.0.8",
        "npm:spring-text-engine@~0.1.5",
        "npm:tailwind-merge@3",
        "npm:three@0.180",
        "npm:zod@^4.4.3",
        "npm:zustand@^5.0.15"
      ]
    }
  }
}
